
Microsoft Visual Studio Solution File, Format Version 10.00
# Visual Studio 2008
Project("{8BC9CEB8-8B4A-11D0-8D11-00A0C91BC942}") = "BMLauncher", "BMLauncher\BMLauncher.vcproj", "{95178D5B-87A6-408E-82D6-A6C56F3A135B}"
EndProject
Global
	GlobalSection(SolutionConfigurationPlatforms) = preSolution
		Debug|Win32 = Debug|Win32
		Release|Win32 = Release|Win32
	EndGlobalSection
	GlobalSection(ProjectConfigurationPlatforms) = postSolution
		{95178D5B-87A6-408E-82D6-A6C56F3A135B}.Debug|Win32.ActiveCfg = Debug|Win32
		{95178D5B-87A6-408E-82D6-A6C56F3A135B}.Debug|Win32.Build.0 = Debug|Win32
		{95178D5B-87A6-408E-82D6-A6C56F3A135B}.Release|Win32.ActiveCfg = Release|Win32
		{95178D5B-87A6-408E-82D6-A6C56F3A135B}.Release|Win32.Build.0 = Release|Win32
	EndGlobalSection
	GlobalSection(SolutionProperties) = preSolution
		HideSolutionNode = FALSE
	EndGlobalSection
EndGlobal
